
Microsoft Visual Studio Solution File, Format Version 12.00
# Visual Studio Version 17
VisualStudioVersion = 17.9.34723.18
MinimumVisualStudioVersion = 10.0.40219.1
Project("{FAE04EC0-301F-11D3-BF4B-00C04F79EFBC}") = "FindSpamEmail", "FindSpamEmail\FindSpamEmail.csproj", "{1FD7486E-F075-46B4-A519-BEBCDF314C53}"
EndProject
Global
	GlobalSection(SolutionConfigurationPlatforms) = preSolution
		Debug|Any CPU = Debug|Any CPU
		Release|Any CPU = Release|Any CPU
	EndGlobalSection
	GlobalSection(ProjectConfigurationPlatforms) = postSolution
		{1FD7486E-F075-46B4-A519-BEBCDF314C53}.Debug|Any CPU.ActiveCfg = Debug|Any CPU
		{1FD7486E-F075-46B4-A519-BEBCDF314C53}.Debug|Any CPU.Build.0 = Debug|Any CPU
		{1FD7486E-F075-46B4-A519-BEBCDF314C53}.Release|Any CPU.ActiveCfg = Release|Any CPU
		{1FD7486E-F075-46B4-A519-BEBCDF314C53}.Release|Any CPU.Build.0 = Release|Any CPU
	EndGlobalSection
	GlobalSection(SolutionProperties) = preSolution
		HideSolutionNode = FALSE
	EndGlobalSection
	GlobalSection(ExtensibilityGlobals) = postSolution
		SolutionGuid = {CC36EE95-F7D9-4719-BAD8-87F67D3539FE}
	EndGlobalSection
EndGlobal
